
Microsoft Visual Studio Solution File, Format Version 12.00
# Visual Studio 15
VisualStudioVersion = 15.0.28307.1500
MinimumVisualStudioVersion = 10.0.40219.1
Project("{FAE04EC0-301F-11D3-BF4B-00C04F79EFBC}") = "Uri_1159", "Uri_1159\Uri_1159.csproj", "{170FBFBC-2466-4CDC-AEF0-8FF4A2601BD8}"
EndProject
Global
	GlobalSection(SolutionConfigurationPlatforms) = preSolution
		Debug|Any CPU = Debug|Any CPU
		Release|Any CPU = Release|Any CPU
	EndGlobalSection
	GlobalSection(ProjectConfigurationPlatforms) = postSolution
		{170FBFBC-2466-4CDC-AEF0-8FF4A2601BD8}.Debug|Any CPU.ActiveCfg = Debug|Any CPU
		{170FBFBC-2466-4CDC-AEF0-8FF4A2601BD8}.Debug|Any CPU.Build.0 = Debug|Any CPU
		{170FBFBC-2466-4CDC-AEF0-8FF4A2601BD8}.Release|Any CPU.ActiveCfg = Release|Any CPU
		{170FBFBC-2466-4CDC-AEF0-8FF4A2601BD8}.Release|Any CPU.Build.0 = Release|Any CPU
	EndGlobalSection
	GlobalSection(SolutionProperties) = preSolution
		HideSolutionNode = FALSE
	EndGlobalSection
	GlobalSection(ExtensibilityGlobals) = postSolution
		SolutionGuid = {02BF6CD1-74F1-448C-875A-6B1A6A7C4245}
	EndGlobalSection
EndGlobal
